
Microsoft Visual Studio Solution File, Format Version 12.00
# Visual Studio 15
VisualStudioVersion = 15.0.28307.168
MinimumVisualStudioVersion = 10.0.40219.1
Project("{FAE04EC0-301F-11D3-BF4B-00C04F79EFBC}") = "dmuka2.CS.Jwt", "dmuka2.CS.Jwt\dmuka2.CS.Jwt.csproj", "{4EFCD15E-64FD-4B81-A8E3-E2471377117C}"
EndProject
Project("{FAE04EC0-301F-11D3-BF4B-00C04F79EFBC}") = "dmuka2.CS.Jwt.MSTest", "dmuka2.CS.Jwt.MSTest\dmuka2.CS.Jwt.MSTest.csproj", "{B9DB4CF1-FB53-4F1C-B090-75C13E199CEC}"
EndProject
Global
	GlobalSection(SolutionConfigurationPlatforms) = preSolution
		Debug|Any CPU = Debug|Any CPU
		Release|Any CPU = Release|Any CPU
	EndGlobalSection
	GlobalSection(ProjectConfigurationPlatforms) = postSolution
		{4EFCD15E-64FD-4B81-A8E3-E2471377117C}.Debug|Any CPU.ActiveCfg = Debug|Any CPU
		{4EFCD15E-64FD-4B81-A8E3-E2471377117C}.Debug|Any CPU.Build.0 = Debug|Any CPU
		{4EFCD15E-64FD-4B81-A8E3-E2471377117C}.Release|Any CPU.ActiveCfg = Release|Any CPU
		{4EFCD15E-64FD-4B81-A8E3-E2471377117C}.Release|Any CPU.Build.0 = Release|Any CPU
		{B9DB4CF1-FB53-4F1C-B090-75C13E199CEC}.Debug|Any CPU.ActiveCfg = Debug|Any CPU
		{B9DB4CF1-FB53-4F1C-B090-75C13E199CEC}.Debug|Any CPU.Build.0 = Debug|Any CPU
		{B9DB4CF1-FB53-4F1C-B090-75C13E199CEC}.Release|Any CPU.ActiveCfg = Release|Any CPU
		{B9DB4CF1-FB53-4F1C-B090-75C13E199CEC}.Release|Any CPU.Build.0 = Release|Any CPU
	EndGlobalSection
	GlobalSection(SolutionProperties) = preSolution
		HideSolutionNode = FALSE
	EndGlobalSection
	GlobalSection(ExtensibilityGlobals) = postSolution
		SolutionGuid = {DBC1B442-B85F-402C-A6E4-85330F38CBEB}
	EndGlobalSection
EndGlobal
